// !$*UTF8*$!
{
	archiveVersion = 1;
	classes = {
	};
	objectVersion = 55;
	objects = {

/* Begin PBXBuildFile section */
		A4049AE9282222400091B73C /* Assets.xcassets in Resources */ = {isa = PBXBuildFile; fileRef = A4049AE8282222400091B73C /* Assets.xcassets */; };
		A4049AEE28230F080091B73C /* Location.swift in Sources */ = {isa = PBXBuildFile; fileRef = A4049AED28230F080091B73C /* Location.swift */; };
		A4049AF5282310BB0091B73C /* LocationsDataService.swift in Sources */ = {isa = PBXBuildFile; fileRef = A4049AF4282310BB0091B73C /* LocationsDataService.swift */; };
		A4049AF72823114C0091B73C /* LocationsView.swift in Sources */ = {isa = PBXBuildFile; fileRef = A4049AF62823114C0091B73C /* LocationsView.swift */; };
		A4049AF92823148B0091B73C /* LocationsViewModel.swift in Sources */ = {isa = PBXBuildFile; fileRef = A4049AF82823148B0091B73C /* LocationsViewModel.swift */; };
		A415BB7C271789EF0028D138 /* Homescreen.swift in Sources */ = {isa = PBXBuildFile; fileRef = A415BB7B271789EF0028D138 /* Homescreen.swift */; };
		A415BB7E27178A9F0028D138 /* Mapscreen.swift in Sources */ = {isa = PBXBuildFile; fileRef = A415BB7D27178A9F0028D138 /* Mapscreen.swift */; };
		A415BB86271795E90028D138 /* EventModel.swift in Sources */ = {isa = PBXBuildFile; fileRef = A415BB85271795E80028D138 /* EventModel.swift */; };
		A415BB8B27179B290028D138 /* EventPostView.swift in Sources */ = {isa = PBXBuildFile; fileRef = A415BB8A27179B290028D138 /* EventPostView.swift */; };
		A42ED2752719127E008D365B /* UpcomingEventsView.swift in Sources */ = {isa = PBXBuildFile; fileRef = A42ED2742719127D008D365B /* UpcomingEventsView.swift */; };
		A42ED277271912C8008D365B /* UpcomingView.swift in Sources */ = {isa = PBXBuildFile; fileRef = A42ED276271912C8008D365B /* UpcomingView.swift */; };
		A42ED279271919B7008D365B /* EventBanner.swift in Sources */ = {isa = PBXBuildFile; fileRef = A42ED278271919B6008D365B /* EventBanner.swift */; };
		A44BA6972719425F00B8046B /* EventDataModel.swift in Sources */ = {isa = PBXBuildFile; fileRef = A44BA6962719425F00B8046B /* EventDataModel.swift */; };
		A44BA6992719453300B8046B /* Event.swift in Sources */ = {isa = PBXBuildFile; fileRef = A44BA6982719453300B8046B /* Event.swift */; };
		A44BA69B271A233700B8046B /* UpcomingEvent.swift in Sources */ = {isa = PBXBuildFile; fileRef = A44BA69A271A233600B8046B /* UpcomingEvent.swift */; };
		A49E6A3D27160BCE002CC79C /* The_Monarch_ProjectApp.swift in Sources */ = {isa = PBXBuildFile; fileRef = A49E6A3C27160BCE002CC79C /* The_Monarch_ProjectApp.swift */; };
		A49E6A3F27160BCE002CC79C /* ContentView.swift in Sources */ = {isa = PBXBuildFile; fileRef = A49E6A3E27160BCE002CC79C /* ContentView.swift */; };
		A49E6A4427160BD4002CC79C /* Preview Assets.xcassets in Resources */ = {isa = PBXBuildFile; fileRef = A49E6A4327160BD4002CC79C /* Preview Assets.xcassets */; };
		A49E6A4B27160D54002CC79C /* GoogleService-Info.plist in Resources */ = {isa = PBXBuildFile; fileRef = A49E6A4A27160D54002CC79C /* GoogleService-Info.plist */; };
		A49E6A4E27160EE1002CC79C /* FirebaseFirestore in Frameworks */ = {isa = PBXBuildFile; productRef = A49E6A4D27160EE1002CC79C /* FirebaseFirestore */; };
		A49E6A5027160EE1002CC79C /* FirebaseFirestoreSwift-Beta in Frameworks */ = {isa = PBXBuildFile; productRef = A49E6A4F27160EE1002CC79C /* FirebaseFirestoreSwift-Beta */; };
		A4C6E1242718B4480096344E /* EventDetailView.swift in Sources */ = {isa = PBXBuildFile; fileRef = A4C6E1232718B4480096344E /* EventDetailView.swift */; };
		A4D727D027164D6F00BCFA2A /* ViewModel.swift in Sources */ = {isa = PBXBuildFile; fileRef = A4D727CF27164D6F00BCFA2A /* ViewModel.swift */; };
		A4D727D227164EAB00BCFA2A /* Event_User.swift in Sources */ = {isa = PBXBuildFile; fileRef = A4D727D127164EAB00BCFA2A /* Event_User.swift */; };
		A4D9244F2829BD5B00AF1A05 /* LocationsListView.swift in Sources */ = {isa = PBXBuildFile; fileRef = A4D9244E2829BD5B00AF1A05 /* LocationsListView.swift */; };
		A4E15DFA2717D00200BBE7F7 /* EventModelCoded.swift in Sources */ = {isa = PBXBuildFile; fileRef = A4E15DF92717D00200BBE7F7 /* EventModelCoded.swift */; };
/* End PBXBuildFile section */

/* Begin PBXFileReference section */
		A4049AE8282222400091B73C /* Assets.xcassets */ = {isa = PBXFileReference; lastKnownFileType = folder.assetcatalog; name = Assets.xcassets; path = "../../../../../Downloads/SwiftfulMapApp-Downloads/Assets.xcassets"; sourceTree = "<group>"; };
		A4049AED28230F080091B73C /* Location.swift */ = {isa = PBXFileReference; lastKnownFileType = sourcecode.swift; path = Location.swift; sourceTree = "<group>"; };
		A4049AF4282310BB0091B73C /* LocationsDataService.swift */ = {isa = PBXFileReference; fileEncoding = 4; lastKnownFileType = sourcecode.swift; path = LocationsDataService.swift; sourceTree = "<group>"; };
		A4049AF62823114C0091B73C /* LocationsView.swift */ = {isa = PBXFileReference; lastKnownFileType = sourcecode.swift; path = LocationsView.swift; sourceTree = "<group>"; };
		A4049AF82823148B0091B73C /* LocationsViewModel.swift */ = {isa = PBXFileReference; lastKnownFileType = sourcecode.swift; path = LocationsViewModel.swift; sourceTree = "<group>"; };
		A415BB7B271789EF0028D138 /* Homescreen.swift */ = {isa = PBXFileReference; lastKnownFileType = sourcecode.swift; path = Homescreen.swift; sourceTree = "<group>"; };
		A415BB7D27178A9F0028D138 /* Mapscreen.swift */ = {isa = PBXFileReference; lastKnownFileType = sourcecode.swift; path = Mapscreen.swift; sourceTree = "<group>"; };
		A415BB85271795E80028D138 /* EventModel.swift */ = {isa = PBXFileReference; lastKnownFileType = sourcecode.swift; path = EventModel.swift; sourceTree = "<group>"; };
		A415BB8A27179B290028D138 /* EventPostView.swift */ = {isa = PBXFileReference; lastKnownFileType = sourcecode.swift; path = EventPostView.swift; sourceTree = "<group>"; };
		A42ED2742719127D008D365B /* UpcomingEventsView.swift */ = {isa = PBXFileReference; lastKnownFileType = sourcecode.swift; path = UpcomingEventsView.swift; sourceTree = "<group>"; };
		A42ED276271912C8008D365B /* UpcomingView.swift */ = {isa = PBXFileReference; lastKnownFileType = sourcecode.swift; path = UpcomingView.swift; sourceTree = "<group>"; };
		A42ED278271919B6008D365B /* EventBanner.swift */ = {isa = PBXFileReference; lastKnownFileType = sourcecode.swift; path = EventBanner.swift; sourceTree = "<group>"; };
		A44BA6962719425F00B8046B /* EventDataModel.swift */ = {isa = PBXFileReference; lastKnownFileType = sourcecode.swift; path = EventDataModel.swift; sourceTree = "<group>"; };
		A44BA6982719453300B8046B /* Event.swift */ = {isa = PBXFileReference; lastKnownFileType = sourcecode.swift; path = Event.swift; sourceTree = "<group>"; };
		A44BA69A271A233600B8046B /* UpcomingEvent.swift */ = {isa = PBXFileReference; lastKnownFileType = sourcecode.swift; path = UpcomingEvent.swift; sourceTree = "<group>"; };
		A49E6A3927160BCE002CC79C /* Monarch Project.app */ = {isa = PBXFileReference; explicitFileType = wrapper.application; includeInIndex = 0; path = "Monarch Project.app"; sourceTree = BUILT_PRODUCTS_DIR; };
		A49E6A3C27160BCE002CC79C /* The_Monarch_ProjectApp.swift */ = {isa = PBXFileReference; lastKnownFileType = sourcecode.swift; path = The_Monarch_ProjectApp.swift; sourceTree = "<group>"; };
		A49E6A3E27160BCE002CC79C /* ContentView.swift */ = {isa = PBXFileReference; lastKnownFileType = sourcecode.swift; path = ContentView.swift; sourceTree = "<group>"; };
		A49E6A4327160BD4002CC79C /* Preview Assets.xcassets */ = {isa = PBXFileReference; lastKnownFileType = folder.assetcatalog; path = "Preview Assets.xcassets"; sourceTree = "<group>"; };
		A49E6A4A27160D54002CC79C /* GoogleService-Info.plist */ = {isa = PBXFileReference; fileEncoding = 4; lastKnownFileType = text.plist.xml; path = "GoogleService-Info.plist"; sourceTree = "<group>"; };
		A4C6E1232718B4480096344E /* EventDetailView.swift */ = {isa = PBXFileReference; lastKnownFileType = sourcecode.swift; path = EventDetailView.swift; sourceTree = "<group>"; };
		A4D727CF27164D6F00BCFA2A /* ViewModel.swift */ = {isa = PBXFileReference; lastKnownFileType = sourcecode.swift; path = ViewModel.swift; sourceTree = "<group>"; };
		A4D727D127164EAB00BCFA2A /* Event_User.swift */ = {isa = PBXFileReference; lastKnownFileType = sourcecode.swift; path = Event_User.swift; sourceTree = "<group>"; };
		A4D9244E2829BD5B00AF1A05 /* LocationsListView.swift */ = {isa = PBXFileReference; lastKnownFileType = sourcecode.swift; path = LocationsListView.swift; sourceTree = "<group>"; };
		A4E15DF92717D00200BBE7F7 /* EventModelCoded.swift */ = {isa = PBXFileReference; lastKnownFileType = sourcecode.swift; path = EventModelCoded.swift; sourceTree = "<group>"; };
/* End PBXFileReference section */

/* Begin PBXFrameworksBuildPhase section */
		A49E6A3627160BCE002CC79C /* Frameworks */ = {
			isa = PBXFrameworksBuildPhase;
			buildActionMask = 2147483647;
			files = (
				A49E6A4E27160EE1002CC79C /* FirebaseFirestore in Frameworks */,
				A49E6A5027160EE1002CC79C /* FirebaseFirestoreSwift-Beta in Frameworks */,
			);
			runOnlyForDeploymentPostprocessing = 0;
		};
/* End PBXFrameworksBuildPhase section */

/* Begin PBXGroup section */
		A4049AEF282310240091B73C /* Map */ = {
			isa = PBXGroup;
			children = (
				A4049AF32823104B0091B73C /* DataServices */,
				A4049AF22823103F0091B73C /* Models */,
				A4049AF1282310360091B73C /* ViewModels */,
				A4049AF02823102D0091B73C /* Views */,
			);
			path = Map;
			sourceTree = "<group>";
		};
		A4049AF02823102D0091B73C /* Views */ = {
			isa = PBXGroup;
			children = (
				A4049AF62823114C0091B73C /* LocationsView.swift */,
				A4D9244E2829BD5B00AF1A05 /* LocationsListView.swift */,
			);
			path = Views;
			sourceTree = "<group>";
		};
		A4049AF1282310360091B73C /* ViewModels */ = {
			isa = PBXGroup;
			children = (
				A4049AF82823148B0091B73C /* LocationsViewModel.swift */,
			);
			path = ViewModels;
			sourceTree = "<group>";
		};
		A4049AF22823103F0091B73C /* Models */ = {
			isa = PBXGroup;
			children = (
				A4049AED28230F080091B73C /* Location.swift */,
			);
			path = Models;
			sourceTree = "<group>";
		};
		A4049AF32823104B0091B73C /* DataServices */ = {
			isa = PBXGroup;
			children = (
				A4049AF4282310BB0091B73C /* LocationsDataService.swift */,
			);
			path = DataServices;
			sourceTree = "<group>";
		};
		A415BB8927179B000028D138 /* ModelViews */ = {
			isa = PBXGroup;
			children = (
				A42ED276271912C8008D365B /* UpcomingView.swift */,
				A415BB8A27179B290028D138 /* EventPostView.swift */,
				A42ED278271919B6008D365B /* EventBanner.swift */,
			);
			path = ModelViews;
			sourceTree = "<group>";
		};
		A44C17A72791BF91007573D5 /* NestedViews */ = {
			isa = PBXGroup;
			children = (
				A4C6E1232718B4480096344E /* EventDetailView.swift */,
				A42ED2742719127D008D365B /* UpcomingEventsView.swift */,
			);
			path = NestedViews;
			sourceTree = "<group>";
		};
		A44C17AC2791C02E007573D5 /* TabViews */ = {
			isa = PBXGroup;
			children = (
				A415BB7B271789EF0028D138 /* Homescreen.swift */,
				A415BB7D27178A9F0028D138 /* Mapscreen.swift */,
			);
			path = TabViews;
			sourceTree = "<group>";
		};
		A49E6A3027160BCE002CC79C = {
			isa = PBXGroup;
			children = (
				A49E6A3B27160BCE002CC79C /* The Monarch Project */,
				A49E6A3A27160BCE002CC79C /* Products */,
			);
			sourceTree = "<group>";
		};
		A49E6A3A27160BCE002CC79C /* Products */ = {
			isa = PBXGroup;
			children = (
				A49E6A3927160BCE002CC79C /* Monarch Project.app */,
			);
			name = Products;
			sourceTree = "<group>";
		};
		A49E6A3B27160BCE002CC79C /* The Monarch Project */ = {
			isa = PBXGroup;
			children = (
				A4049AEF282310240091B73C /* Map */,
				A49E6A3C27160BCE002CC79C /* The_Monarch_ProjectApp.swift */,
				A4D727D32716550A00BCFA2A /* View */,
				A4D727D52716553200BCFA2A /* Model */,
				A4D727D42716551C00BCFA2A /* ViewModel */,
				A49E6A4A27160D54002CC79C /* GoogleService-Info.plist */,
				A4049AE8282222400091B73C /* Assets.xcassets */,
				A49E6A4227160BD4002CC79C /* Preview Content */,
			);
			path = "The Monarch Project";
			sourceTree = "<group>";
		};
		A49E6A4227160BD4002CC79C /* Preview Content */ = {
			isa = PBXGroup;
			children = (
				A49E6A4327160BD4002CC79C /* Preview Assets.xcassets */,
			);
			path = "Preview Content";
			sourceTree = "<group>";
		};
		A4D727D32716550A00BCFA2A /* View */ = {
			isa = PBXGroup;
			children = (
				A49E6A3E27160BCE002CC79C /* ContentView.swift */,
				A44C17A72791BF91007573D5 /* NestedViews */,
				A415BB8927179B000028D138 /* ModelViews */,
				A44C17AC2791C02E007573D5 /* TabViews */,
			);
			path = View;
			sourceTree = "<group>";
		};
		A4D727D42716551C00BCFA2A /* ViewModel */ = {
			isa = PBXGroup;
			children = (
				A4D727CF27164D6F00BCFA2A /* ViewModel.swift */,
				A415BB85271795E80028D138 /* EventModel.swift */,
			);
			path = ViewModel;
			sourceTree = "<group>";
		};
		A4D727D52716553200BCFA2A /* Model */ = {
			isa = PBXGroup;
			children = (
				A4D727D127164EAB00BCFA2A /* Event_User.swift */,
				A44BA6962719425F00B8046B /* EventDataModel.swift */,
				A4E15DF92717D00200BBE7F7 /* EventModelCoded.swift */,
				A44BA6982719453300B8046B /* Event.swift */,
				A44BA69A271A233600B8046B /* UpcomingEvent.swift */,
			);
			path = Model;
			sourceTree = "<group>";
		};
/* End PBXGroup section */

/* Begin PBXNativeTarget section */
		A49E6A3827160BCE002CC79C /* Monarch Project */ = {
			isa = PBXNativeTarget;
			buildConfigurationList = A49E6A4727160BD4002CC79C /* Build configuration list for PBXNativeTarget "Monarch Project" */;
			buildPhases = (
				A49E6A3527160BCE002CC79C /* Sources */,
				A49E6A3627160BCE002CC79C /* Frameworks */,
				A49E6A3727160BCE002CC79C /* Resources */,
			);
			buildRules = (
			);
			dependencies = (
			);
			name = "Monarch Project";
			packageProductDependencies = (
				A49E6A4D27160EE1002CC79C /* FirebaseFirestore */,
				A49E6A4F27160EE1002CC79C /* FirebaseFirestoreSwift-Beta */,
			);
			productName = "The Monarch Project";
			productReference = A49E6A3927160BCE002CC79C /* Monarch Project.app */;
			productType = "com.apple.product-type.application";
		};
/* End PBXNativeTarget section */

/* Begin PBXProject section */
		A49E6A3127160BCE002CC79C /* Project object */ = {
			isa = PBXProject;
			attributes = {
				BuildIndependentTargetsInParallel = 1;
				LastSwiftUpdateCheck = 1300;
				LastUpgradeCheck = 1300;
				TargetAttributes = {
					A49E6A3827160BCE002CC79C = {
						CreatedOnToolsVersion = 13.0;
					};
				};
			};
			buildConfigurationList = A49E6A3427160BCE002CC79C /* Build configuration list for PBXProject "Monarch Project" */;
			compatibilityVersion = "Xcode 13.0";
			developmentRegion = en;
			hasScannedForEncodings = 0;
			knownRegions = (
				en,
				Base,
			);
			mainGroup = A49E6A3027160BCE002CC79C;
			packageReferences = (
				A49E6A4C27160EE1002CC79C /* XCRemoteSwiftPackageReference "firebase-ios-sdk" */,
			);
			productRefGroup = A49E6A3A27160BCE002CC79C /* Products */;
			projectDirPath = "";
			projectRoot = "";
			targets = (
				A49E6A3827160BCE002CC79C /* Monarch Project */,
			);
		};
/* End PBXProject section */

/* Begin PBXResourcesBuildPhase section */
		A49E6A3727160BCE002CC79C /* Resources */ = {
			isa = PBXResourcesBuildPhase;
			buildActionMask = 2147483647;
			files = (
				A49E6A4427160BD4002CC79C /* Preview Assets.xcassets in Resources */,
				A4049AE9282222400091B73C /* Assets.xcassets in Resources */,
				A49E6A4B27160D54002CC79C /* GoogleService-Info.plist in Resources */,
			);
			runOnlyForDeploymentPostprocessing = 0;
		};
/* End PBXResourcesBuildPhase section */

/* Begin PBXSourcesBuildPhase section */
		A49E6A3527160BCE002CC79C /* Sources */ = {
			isa = PBXSourcesBuildPhase;
			buildActionMask = 2147483647;
			files = (
				A44BA6972719425F00B8046B /* EventDataModel.swift in Sources */,
				A4C6E1242718B4480096344E /* EventDetailView.swift in Sources */,
				A42ED2752719127E008D365B /* UpcomingEventsView.swift in Sources */,
				A42ED277271912C8008D365B /* UpcomingView.swift in Sources */,
				A415BB86271795E90028D138 /* EventModel.swift in Sources */,
				A4049AEE28230F080091B73C /* Location.swift in Sources */,
				A44BA69B271A233700B8046B /* UpcomingEvent.swift in Sources */,
				A415BB8B27179B290028D138 /* EventPostView.swift in Sources */,
				A4049AF5282310BB0091B73C /* LocationsDataService.swift in Sources */,
				A415BB7E27178A9F0028D138 /* Mapscreen.swift in Sources */,
				A44BA6992719453300B8046B /* Event.swift in Sources */,
				A4049AF72823114C0091B73C /* LocationsView.swift in Sources */,
				A49E6A3F27160BCE002CC79C /* ContentView.swift in Sources */,
				A4D727D027164D6F00BCFA2A /* ViewModel.swift in Sources */,
				A49E6A3D27160BCE002CC79C /* The_Monarch_ProjectApp.swift in Sources */,
				A4D9244F2829BD5B00AF1A05 /* LocationsListView.swift in Sources */,
				A4D727D227164EAB00BCFA2A /* Event_User.swift in Sources */,
				A415BB7C271789EF0028D138 /* Homescreen.swift in Sources */,
				A42ED279271919B7008D365B /* EventBanner.swift in Sources */,
				A4E15DFA2717D00200BBE7F7 /* EventModelCoded.swift in Sources */,
				A4049AF92823148B0091B73C /* LocationsViewModel.swift in Sources */,
			);
			runOnlyForDeploymentPostprocessing = 0;
		};
/* End PBXSourcesBuildPhase section */

/* Begin XCBuildConfiguration section */
		A49E6A4527160BD4002CC79C /* Debug */ = {
			isa = XCBuildConfiguration;
			buildSettings = {
				ALWAYS_SEARCH_USER_PATHS = NO;
				CLANG_ANALYZER_NONNULL = YES;
				CLANG_ANALYZER_NUMBER_OBJECT_CONVERSION = YES_AGGRESSIVE;
				CLANG_CXX_LANGUAGE_STANDARD = "gnu++17";
				CLANG_CXX_LIBRARY = "libc++";
				CLANG_ENABLE_MODULES = YES;
				CLANG_ENABLE_OBJC_ARC = YES;
				CLANG_ENABLE_OBJC_WEAK = YES;
				CLANG_WARN_BLOCK_CAPTURE_AUTORELEASING = YES;
				CLANG_WARN_BOOL_CONVERSION = YES;
				CLANG_WARN_COMMA = YES;
				CLANG_WARN_CONSTANT_CONVERSION = YES;
				CLANG_WARN_DEPRECATED_OBJC_IMPLEMENTATIONS = YES;
				CLANG_WARN_DIRECT_OBJC_ISA_USAGE = YES_ERROR;
				CLANG_WARN_DOCUMENTATION_COMMENTS = YES;
				CLANG_WARN_EMPTY_BODY = YES;
				CLANG_WARN_ENUM_CONVERSION = YES;
				CLANG_WARN_INFINITE_RECURSION = YES;
				CLANG_WARN_INT_CONVERSION = YES;
				CLANG_WARN_NON_LITERAL_NULL_CONVERSION = YES;
				CLANG_WARN_OBJC_IMPLICIT_RETAIN_SELF = YES;
				CLANG_WARN_OBJC_LITERAL_CONVERSION = YES;
				CLANG_WARN_OBJC_ROOT_CLASS = YES_ERROR;
				CLANG_WARN_QUOTED_INCLUDE_IN_FRAMEWORK_HEADER = YES;
				CLANG_WARN_RANGE_LOOP_ANALYSIS = YES;
				CLANG_WARN_STRICT_PROTOTYPES = YES;
				CLANG_WARN_SUSPICIOUS_MOVE = YES;
				CLANG_WARN_UNGUARDED_AVAILABILITY = YES_AGGRESSIVE;
				CLANG_WARN_UNREACHABLE_CODE = YES;
				CLANG_WARN__DUPLICATE_METHOD_MATCH = YES;
				COPY_PHASE_STRIP = NO;
				DEBUG_INFORMATION_FORMAT = dwarf;
				ENABLE_STRICT_OBJC_MSGSEND = YES;
				ENABLE_TESTABILITY = YES;
				GCC_C_LANGUAGE_STANDARD = gnu11;
				GCC_DYNAMIC_NO_PIC = NO;
				GCC_NO_COMMON_BLOCKS = YES;
				GCC_OPTIMIZATION_LEVEL = 0;
				GCC_PREPROCESSOR_DEFINITIONS = (
					"DEBUG=1",
					"$(inherited)",
				);
				GCC_WARN_64_TO_32_BIT_CONVERSION = YES;
				GCC_WARN_ABOUT_RETURN_TYPE = YES_ERROR;
				GCC_WARN_UNDECLARED_SELECTOR = YES;
				GCC_WARN_UNINITIALIZED_AUTOS = YES_AGGRESSIVE;
				GCC_WARN_UNUSED_FUNCTION = YES;
				GCC_WARN_UNUSED_VARIABLE = YES;
				IPHONEOS_DEPLOYMENT_TARGET = 15.0;
				MTL_ENABLE_DEBUG_INFO = INCLUDE_SOURCE;
				MTL_FAST_MATH = YES;
				ONLY_ACTIVE_ARCH = YES;
				SDKROOT = iphoneos;
				SWIFT_ACTIVE_COMPILATION_CONDITIONS = DEBUG;
				SWIFT_OPTIMIZATION_LEVEL = "-Onone";
			};
			name = Debug;
		};
		A49E6A4627160BD4002CC79C /* Release */ = {
			isa = XCBuildConfiguration;
			buildSettings = {
				ALWAYS_SEARCH_USER_PATHS = NO;
				CLANG_ANALYZER_NONNULL = YES;
				CLANG_ANALYZER_NUMBER_OBJECT_CONVERSION = YES_AGGRESSIVE;
				CLANG_CXX_LANGUAGE_STANDARD = "gnu++17";
				CLANG_CXX_LIBRARY = "libc++";
				CLANG_ENABLE_MODULES = YES;
				CLANG_ENABLE_OBJC_ARC = YES;
				CLANG_ENABLE_OBJC_WEAK = YES;
				CLANG_WARN_BLOCK_CAPTURE_AUTORELEASING = YES;
				CLANG_WARN_BOOL_CONVERSION = YES;
				CLANG_WARN_COMMA = YES;
				CLANG_WARN_CONSTANT_CONVERSION = YES;
				CLANG_WARN_DEPRECATED_OBJC_IMPLEMENTATIONS = YES;
				CLANG_WARN_DIRECT_OBJC_ISA_USAGE = YES_ERROR;
				CLANG_WARN_DOCUMENTATION_COMMENTS = YES;
				CLANG_WARN_EMPTY_BODY = YES;
				CLANG_WARN_ENUM_CONVERSION = YES;
				CLANG_WARN_INFINITE_RECURSION = YES;
				CLANG_WARN_INT_CONVERSION = YES;
				CLANG_WARN_NON_LITERAL_NULL_CONVERSION = YES;
				CLANG_WARN_OBJC_IMPLICIT_RETAIN_SELF = YES;
				CLANG_WARN_OBJC_LITERAL_CONVERSION = YES;
				CLANG_WARN_OBJC_ROOT_CLASS = YES_ERROR;
				CLANG_WARN_QUOTED_INCLUDE_IN_FRAMEWORK_HEADER = YES;
				CLANG_WARN_RANGE_LOOP_ANALYSIS = YES;
				CLANG_WARN_STRICT_PROTOTYPES = YES;
				CLANG_WARN_SUSPICIOUS_MOVE = YES;
				CLANG_WARN_UNGUARDED_AVAILABILITY = YES_AGGRESSIVE;
				CLANG_WARN_UNREACHABLE_CODE = YES;
				CLANG_WARN__DUPLICATE_METHOD_MATCH = YES;
				COPY_PHASE_STRIP = NO;
				DEBUG_INFORMATION_FORMAT = "dwarf-with-dsym";
				ENABLE_NS_ASSERTIONS = NO;
				ENABLE_STRICT_OBJC_MSGSEND = YES;
				GCC_C_LANGUAGE_STANDARD = gnu11;
				GCC_NO_COMMON_BLOCKS = YES;
				GCC_WARN_64_TO_32_BIT_CONVERSION = YES;
				GCC_WARN_ABOUT_RETURN_TYPE = YES_ERROR;
				GCC_WARN_UNDECLARED_SELECTOR = YES;
				GCC_WARN_UNINITIALIZED_AUTOS = YES_AGGRESSIVE;
				GCC_WARN_UNUSED_FUNCTION = YES;
				GCC_WARN_UNUSED_VARIABLE = YES;
				IPHONEOS_DEPLOYMENT_TARGET = 15.0;
				MTL_ENABLE_DEBUG_INFO = NO;
				MTL_FAST_MATH = YES;
				SDKROOT = iphoneos;
				SWIFT_COMPILATION_MODE = wholemodule;
				SWIFT_OPTIMIZATION_LEVEL = "-O";
				VALIDATE_PRODUCT = YES;
			};
			name = Release;
		};
		A49E6A4827160BD4002CC79C /* Debug */ = {
			isa = XCBuildConfiguration;
			buildSettings = {
				ASSETCATALOG_COMPILER_APPICON_NAME = AppIcon;
				ASSETCATALOG_COMPILER_GLOBAL_ACCENT_COLOR_NAME = AccentColor;
				CODE_SIGN_STYLE = Automatic;
				CURRENT_PROJECT_VERSION = 4;
				DEVELOPMENT_ASSET_PATHS = "\"The Monarch Project/Preview Content\"";
				DEVELOPMENT_TEAM = AK2WT6GG67;
				ENABLE_PREVIEWS = YES;
				GENERATE_INFOPLIST_FILE = YES;
				INFOPLIST_KEY_UIApplicationSceneManifest_Generation = YES;
				INFOPLIST_KEY_UIApplicationSupportsIndirectInputEvents = YES;
				INFOPLIST_KEY_UILaunchScreen_Generation = YES;
				INFOPLIST_KEY_UISupportedInterfaceOrientations = UIInterfaceOrientationPortrait;
				INFOPLIST_KEY_UISupportedInterfaceOrientations_iPad = "UIInterfaceOrientationPortrait UIInterfaceOrientationPortraitUpsideDown UIInterfaceOrientationLandscapeLeft UIInterfaceOrientationLandscapeRight";
				INFOPLIST_KEY_UISupportedInterfaceOrientations_iPhone = "UIInterfaceOrientationPortrait UIInterfaceOrientationLandscapeLeft UIInterfaceOrientationLandscapeRight";
				IPHONEOS_DEPLOYMENT_TARGET = 14.0;
				LD_RUNPATH_SEARCH_PATHS = (
					"$(inherited)",
					"@executable_path/Frameworks",
				);
				MARKETING_VERSION = 0.1.0;
				PRODUCT_BUNDLE_IDENTIFIER = "iggi-jimenez.The-Monarch-Project";
				PRODUCT_NAME = "$(TARGET_NAME)";
				SWIFT_EMIT_LOC_STRINGS = YES;
				SWIFT_VERSION = 5.0;
				TARGETED_DEVICE_FAMILY = 1;
			};
			name = Debug;
		};
		A49E6A4927160BD4002CC79C /* Release */ = {
			isa = XCBuildConfiguration;
			buildSettings = {
				ASSETCATALOG_COMPILER_APPICON_NAME = AppIcon;
				ASSETCATALOG_COMPILER_GLOBAL_ACCENT_COLOR_NAME = AccentColor;
				CODE_SIGN_STYLE = Automatic;
				CURRENT_PROJECT_VERSION = 4;
				DEVELOPMENT_ASSET_PATHS = "\"The Monarch Project/Preview Content\"";
				DEVELOPMENT_TEAM = AK2WT6GG67;
				ENABLE_PREVIEWS = YES;
				GENERATE_INFOPLIST_FILE = YES;
				INFOPLIST_KEY_UIApplicationSceneManifest_Generation = YES;
				INFOPLIST_KEY_UIApplicationSupportsIndirectInputEvents = YES;
				INFOPLIST_KEY_UILaunchScreen_Generation = YES;
				INFOPLIST_KEY_UISupportedInterfaceOrientations = UIInterfaceOrientationPortrait;
				INFOPLIST_KEY_UISupportedInterfaceOrientations_iPad = "UIInterfaceOrientationPortrait UIInterfaceOrientationPortraitUpsideDown UIInterfaceOrientationLandscapeLeft UIInterfaceOrientationLandscapeRight";
				INFOPLIST_KEY_UISupportedInterfaceOrientations_iPhone = "UIInterfaceOrientationPortrait UIInterfaceOrientationLandscapeLeft UIInterfaceOrientationLandscapeRight";
				IPHONEOS_DEPLOYMENT_TARGET = 14.0;
				LD_RUNPATH_SEARCH_PATHS = (
					"$(inherited)",
					"@executable_path/Frameworks",
				);
				MARKETING_VERSION = 0.1.0;
				PRODUCT_BUNDLE_IDENTIFIER = "iggi-jimenez.The-Monarch-Project";
				PRODUCT_NAME = "$(TARGET_NAME)";
				SWIFT_EMIT_LOC_STRINGS = YES;
				SWIFT_VERSION = 5.0;
				TARGETED_DEVICE_FAMILY = 1;
			};
			name = Release;
		};
/* End XCBuildConfiguration section */

/* Begin XCConfigurationList section */
		A49E6A3427160BCE002CC79C /* Build configuration list for PBXProject "Monarch Project" */ = {
			isa = XCConfigurationList;
			buildConfigurations = (
				A49E6A4527160BD4002CC79C /* Debug */,
				A49E6A4627160BD4002CC79C /* Release */,
			);
			defaultConfigurationIsVisible = 0;
			defaultConfigurationName = Release;
		};
		A49E6A4727160BD4002CC79C /* Build configuration list for PBXNativeTarget "Monarch Project" */ = {
			isa = XCConfigurationList;
			buildConfigurations = (
				A49E6A4827160BD4002CC79C /* Debug */,
				A49E6A4927160BD4002CC79C /* Release */,
			);
			defaultConfigurationIsVisible = 0;
			defaultConfigurationName = Release;
		};
/* End XCConfigurationList section */

/* Begin XCRemoteSwiftPackageReference section */
		A49E6A4C27160EE1002CC79C /* XCRemoteSwiftPackageReference "firebase-ios-sdk" */ = {
			isa = XCRemoteSwiftPackageReference;
			repositoryURL = "https://github.com/firebase/firebase-ios-sdk.git";
			requirement = {
				kind = upToNextMajorVersion;
				minimumVersion = 8.0.0;
			};
		};
/* End XCRemoteSwiftPackageReference section */

/* Begin XCSwiftPackageProductDependency section */
		A49E6A4D27160EE1002CC79C /* FirebaseFirestore */ = {
			isa = XCSwiftPackageProductDependency;
			package = A49E6A4C27160EE1002CC79C /* XCRemoteSwiftPackageReference "firebase-ios-sdk" */;
			productName = FirebaseFirestore;
		};
		A49E6A4F27160EE1002CC79C /* FirebaseFirestoreSwift-Beta */ = {
			isa = XCSwiftPackageProductDependency;
			package = A49E6A4C27160EE1002CC79C /* XCRemoteSwiftPackageReference "firebase-ios-sdk" */;
			productName = "FirebaseFirestoreSwift-Beta";
		};
/* End XCSwiftPackageProductDependency section */
	};
	rootObject = A49E6A3127160BCE002CC79C /* Project object */;
}
